
Microsoft Visual Studio Solution File, Format Version 12.00
# Visual Studio 15
VisualStudioVersion = 15.0.27130.2036
MinimumVisualStudioVersion = 10.0.40219.1
Project("{FAE04EC0-301F-11D3-BF4B-00C04F79EFBC}") = "FileFixer", "FileFixer\FileFixer.csproj", "{71190590-EDAD-4ADC-966A-B0CFEC91F8D5}"
EndProject
Global
	GlobalSection(SolutionConfigurationPlatforms) = preSolution
		Debug|Any CPU = Debug|Any CPU
		Release|Any CPU = Release|Any CPU
	EndGlobalSection
	GlobalSection(ProjectConfigurationPlatforms) = postSolution
		{71190590-EDAD-4ADC-966A-B0CFEC91F8D5}.Debug|Any CPU.ActiveCfg = Debug|Any CPU
		{71190590-EDAD-4ADC-966A-B0CFEC91F8D5}.Debug|Any CPU.Build.0 = Debug|Any CPU
		{71190590-EDAD-4ADC-966A-B0CFEC91F8D5}.Release|Any CPU.ActiveCfg = Release|Any CPU
		{71190590-EDAD-4ADC-966A-B0CFEC91F8D5}.Release|Any CPU.Build.0 = Release|Any CPU
	EndGlobalSection
	GlobalSection(SolutionProperties) = preSolution
		HideSolutionNode = FALSE
	EndGlobalSection
	GlobalSection(ExtensibilityGlobals) = postSolution
		SolutionGuid = {C7D82B38-631A-47AE-A9E8-67A694BBE9B9}
	EndGlobalSection
EndGlobal
